// !$*UTF8*$!
{
	archiveVersion = 1;
	classes = {
	};
	objectVersion = 46;
	objects = {

/* Begin PBXBuildFile section */
		8782D2D51F06B7B3003ADE70 /* CustomTableViewCell.m in Sources */ = {isa = PBXBuildFile; fileRef = 8782D2D41F06B7B3003ADE70 /* CustomTableViewCell.m */; };
		8782D2D81F06B872003ADE70 /* Post.m in Sources */ = {isa = PBXBuildFile; fileRef = 8782D2D71F06B872003ADE70 /* Post.m */; };
		8782D31D1F06BEFF003ADE70 /* DetailViewController.m in Sources */ = {isa = PBXBuildFile; fileRef = 8782D31C1F06BEFF003ADE70 /* DetailViewController.m */; };
		87AFB1001F06A0C90055275F /* main.m in Sources */ = {isa = PBXBuildFile; fileRef = 87AFB0FF1F06A0C90055275F /* main.m */; };
		87AFB1031F06A0C90055275F /* AppDelegate.m in Sources */ = {isa = PBXBuildFile; fileRef = 87AFB1021F06A0C90055275F /* AppDelegate.m */; };
		87AFB1091F06A0C90055275F /* Main.storyboard in Resources */ = {isa = PBXBuildFile; fileRef = 87AFB1071F06A0C90055275F /* Main.storyboard */; };
		87AFB10B1F06A0C90055275F /* Assets.xcassets in Resources */ = {isa = PBXBuildFile; fileRef = 87AFB10A1F06A0C90055275F /* Assets.xcassets */; };
		87AFB10E1F06A0C90055275F /* LaunchScreen.storyboard in Resources */ = {isa = PBXBuildFile; fileRef = 87AFB10C1F06A0C90055275F /* LaunchScreen.storyboard */; };
		87AFB1191F06A0C90055275F /* tCustomTableViewTests.m in Sources */ = {isa = PBXBuildFile; fileRef = 87AFB1181F06A0C90055275F /* tCustomTableViewTests.m */; };
		87AFB1241F06A0C90055275F /* tCustomTableViewUITests.m in Sources */ = {isa = PBXBuildFile; fileRef = 87AFB1231F06A0C90055275F /* tCustomTableViewUITests.m */; };
		87AFB1331F06A3510055275F /* TableViewController.m in Sources */ = {isa = PBXBuildFile; fileRef = 87AFB1321F06A3510055275F /* TableViewController.m */; };
		970AD73CC82254E289DEA96A /* Pods_tCustomTableView.framework in Frameworks */ = {isa = PBXBuildFile; fileRef = C6DEE5F25161DBCE6B75E112 /* Pods_tCustomTableView.framework */; };
/* End PBXBuildFile section */

/* Begin PBXContainerItemProxy section */
		87AFB1151F06A0C90055275F /* PBXContainerItemProxy */ = {
			isa = PBXContainerItemProxy;
			containerPortal = 87AFB0F31F06A0C80055275F /* Project object */;
			proxyType = 1;
			remoteGlobalIDString = 87AFB0FA1F06A0C80055275F;
			remoteInfo = tCustomTableView;
		};
		87AFB1201F06A0C90055275F /* PBXContainerItemProxy */ = {
			isa = PBXContainerItemProxy;
			containerPortal = 87AFB0F31F06A0C80055275F /* Project object */;
			proxyType = 1;
			remoteGlobalIDString = 87AFB0FA1F06A0C80055275F;
			remoteInfo = tCustomTableView;
		};
/* End PBXContainerItemProxy section */

/* Begin PBXFileReference section */
		27CB4F73C2D2A603A3DA190D /* Pods-tCustomTableView.debug.xcconfig */ = {isa = PBXFileReference; includeInIndex = 1; lastKnownFileType = text.xcconfig; name = "Pods-tCustomTableView.debug.xcconfig"; path = "Pods/Target Support Files/Pods-tCustomTableView/Pods-tCustomTableView.debug.xcconfig"; sourceTree = "<group>"; };
		715EEC898FCAD92F9D672D44 /* Pods-tCustomTableView.release.xcconfig */ = {isa = PBXFileReference; includeInIndex = 1; lastKnownFileType = text.xcconfig; name = "Pods-tCustomTableView.release.xcconfig"; path = "Pods/Target Support Files/Pods-tCustomTableView/Pods-tCustomTableView.release.xcconfig"; sourceTree = "<group>"; };
		8782D2D31F06B7B3003ADE70 /* CustomTableViewCell.h */ = {isa = PBXFileReference; fileEncoding = 4; lastKnownFileType = sourcecode.c.h; path = CustomTableViewCell.h; sourceTree = "<group>"; };
		8782D2D41F06B7B3003ADE70 /* CustomTableViewCell.m */ = {isa = PBXFileReference; fileEncoding = 4; lastKnownFileType = sourcecode.c.objc; path = CustomTableViewCell.m; sourceTree = "<group>"; };
		8782D2D61F06B872003ADE70 /* Post.h */ = {isa = PBXFileReference; fileEncoding = 4; lastKnownFileType = sourcecode.c.h; path = Post.h; sourceTree = "<group>"; };
		8782D2D71F06B872003ADE70 /* Post.m */ = {isa = PBXFileReference; fileEncoding = 4; lastKnownFileType = sourcecode.c.objc; path = Post.m; sourceTree = "<group>"; };
		8782D31B1F06BEFF003ADE70 /* DetailViewController.h */ = {isa = PBXFileReference; fileEncoding = 4; lastKnownFileType = sourcecode.c.h; path = DetailViewController.h; sourceTree = "<group>"; };
		8782D31C1F06BEFF003ADE70 /* DetailViewController.m */ = {isa = PBXFileReference; fileEncoding = 4; lastKnownFileType = sourcecode.c.objc; path = DetailViewController.m; sourceTree = "<group>"; };
		87AFB0FB1F06A0C90055275F /* tCustomTableView.app */ = {isa = PBXFileReference; explicitFileType = wrapper.application; includeInIndex = 0; path = tCustomTableView.app; sourceTree = BUILT_PRODUCTS_DIR; };
		87AFB0FF1F06A0C90055275F /* main.m */ = {isa = PBXFileReference; lastKnownFileType = sourcecode.c.objc; path = main.m; sourceTree = "<group>"; };
		87AFB1011F06A0C90055275F /* AppDelegate.h */ = {isa = PBXFileReference; lastKnownFileType = sourcecode.c.h; path = AppDelegate.h; sourceTree = "<group>"; };
		87AFB1021F06A0C90055275F /* AppDelegate.m */ = {isa = PBXFileReference; lastKnownFileType = sourcecode.c.objc; path = AppDelegate.m; sourceTree = "<group>"; };
		87AFB1081F06A0C90055275F /* Base */ = {isa = PBXFileReference; lastKnownFileType = file.storyboard; name = Base; path = Base.lproj/Main.storyboard; sourceTree = "<group>"; };
		87AFB10A1F06A0C90055275F /* Assets.xcassets */ = {isa = PBXFileReference; lastKnownFileType = folder.assetcatalog; path = Assets.xcassets; sourceTree = "<group>"; };
		87AFB10D1F06A0C90055275F /* Base */ = {isa = PBXFileReference; lastKnownFileType = file.storyboard; name = Base; path = Base.lproj/LaunchScreen.storyboard; sourceTree = "<group>"; };
		87AFB10F1F06A0C90055275F /* Info.plist */ = {isa = PBXFileReference; lastKnownFileType = text.plist.xml; path = Info.plist; sourceTree = "<group>"; };
		87AFB1141F06A0C90055275F /* tCustomTableViewTests.xctest */ = {isa = PBXFileReference; explicitFileType = wrapper.cfbundle; includeInIndex = 0; path = tCustomTableViewTests.xctest; sourceTree = BUILT_PRODUCTS_DIR; };
		87AFB1181F06A0C90055275F /* tCustomTableViewTests.m */ = {isa = PBXFileReference; lastKnownFileType = sourcecode.c.objc; path = tCustomTableViewTests.m; sourceTree = "<group>"; };
		87AFB11A1F06A0C90055275F /* Info.plist */ = {isa = PBXFileReference; lastKnownFileType = text.plist.xml; path = Info.plist; sourceTree = "<group>"; };
		87AFB11F1F06A0C90055275F /* tCustomTableViewUITests.xctest */ = {isa = PBXFileReference; explicitFileType = wrapper.cfbundle; includeInIndex = 0; path = tCustomTableViewUITests.xctest; sourceTree = BUILT_PRODUCTS_DIR; };
		87AFB1231F06A0C90055275F /* tCustomTableViewUITests.m */ = {isa = PBXFileReference; lastKnownFileType = sourcecode.c.objc; path = tCustomTableViewUITests.m; sourceTree = "<group>"; };
		87AFB1251F06A0C90055275F /* Info.plist */ = {isa = PBXFileReference; lastKnownFileType = text.plist.xml; path = Info.plist; sourceTree = "<group>"; };
		87AFB1311F06A3510055275F /* TableViewController.h */ = {isa = PBXFileReference; fileEncoding = 4; lastKnownFileType = sourcecode.c.h; path = TableViewController.h; sourceTree = "<group>"; };
		87AFB1321F06A3510055275F /* TableViewController.m */ = {isa = PBXFileReference; fileEncoding = 4; lastKnownFileType = sourcecode.c.objc; path = TableViewController.m; sourceTree = "<group>"; };
		C6DEE5F25161DBCE6B75E112 /* Pods_tCustomTableView.framework */ = {isa = PBXFileReference; explicitFileType = wrapper.framework; includeInIndex = 0; path = Pods_tCustomTableView.framework; sourceTree = BUILT_PRODUCTS_DIR; };
/* End PBXFileReference section */

/* Begin PBXFrameworksBuildPhase section */
		87AFB0F81F06A0C80055275F /* Frameworks */ = {
			isa = PBXFrameworksBuildPhase;
			buildActionMask = 2147483647;
			files = (
				970AD73CC82254E289DEA96A /* Pods_tCustomTableView.framework in Frameworks */,
			);
			runOnlyForDeploymentPostprocessing = 0;
		};
		87AFB1111F06A0C90055275F /* Frameworks */ = {
			isa = PBXFrameworksBuildPhase;
			buildActionMask = 2147483647;
			files = (
			);
			runOnlyForDeploymentPostprocessing = 0;
		};
		87AFB11C1F06A0C90055275F /* Frameworks */ = {
			isa = PBXFrameworksBuildPhase;
			buildActionMask = 2147483647;
			files = (
			);
			runOnlyForDeploymentPostprocessing = 0;
		};
/* End PBXFrameworksBuildPhase section */

/* Begin PBXGroup section */
		4A55B45A8342DBE48E009451 /* Frameworks */ = {
			isa = PBXGroup;
			children = (
				C6DEE5F25161DBCE6B75E112 /* Pods_tCustomTableView.framework */,
			);
			name = Frameworks;
			sourceTree = "<group>";
		};
		7F841C5B51EF4943474E7B43 /* Pods */ = {
			isa = PBXGroup;
			children = (
				27CB4F73C2D2A603A3DA190D /* Pods-tCustomTableView.debug.xcconfig */,
				715EEC898FCAD92F9D672D44 /* Pods-tCustomTableView.release.xcconfig */,
			);
			name = Pods;
			sourceTree = "<group>";
		};
		87AFB0F21F06A0C80055275F = {
			isa = PBXGroup;
			children = (
				87AFB0FD1F06A0C90055275F /* tCustomTableView */,
				87AFB1171F06A0C90055275F /* tCustomTableViewTests */,
				87AFB1221F06A0C90055275F /* tCustomTableViewUITests */,
				87AFB0FC1F06A0C90055275F /* Products */,
				7F841C5B51EF4943474E7B43 /* Pods */,
				4A55B45A8342DBE48E009451 /* Frameworks */,
			);
			sourceTree = "<group>";
		};
		87AFB0FC1F06A0C90055275F /* Products */ = {
			isa = PBXGroup;
			children = (
				87AFB0FB1F06A0C90055275F /* tCustomTableView.app */,
				87AFB1141F06A0C90055275F /* tCustomTableViewTests.xctest */,
				87AFB11F1F06A0C90055275F /* tCustomTableViewUITests.xctest */,
			);
			name = Products;
			sourceTree = "<group>";
		};
		87AFB0FD1F06A0C90055275F /* tCustomTableView */ = {
			isa = PBXGroup;
			children = (
				87AFB1011F06A0C90055275F /* AppDelegate.h */,
				87AFB1021F06A0C90055275F /* AppDelegate.m */,
				87AFB1071F06A0C90055275F /* Main.storyboard */,
				87AFB10A1F06A0C90055275F /* Assets.xcassets */,
				87AFB10C1F06A0C90055275F /* LaunchScreen.storyboard */,
				87AFB10F1F06A0C90055275F /* Info.plist */,
				87AFB0FE1F06A0C90055275F /* Supporting Files */,
				87AFB1311F06A3510055275F /* TableViewController.h */,
				87AFB1321F06A3510055275F /* TableViewController.m */,
				8782D2D31F06B7B3003ADE70 /* CustomTableViewCell.h */,
				8782D2D41F06B7B3003ADE70 /* CustomTableViewCell.m */,
				8782D2D61F06B872003ADE70 /* Post.h */,
				8782D2D71F06B872003ADE70 /* Post.m */,
				8782D31B1F06BEFF003ADE70 /* DetailViewController.h */,
				8782D31C1F06BEFF003ADE70 /* DetailViewController.m */,
			);
			path = tCustomTableView;
			sourceTree = "<group>";
		};
		87AFB0FE1F06A0C90055275F /* Supporting Files */ = {
			isa = PBXGroup;
			children = (
				87AFB0FF1F06A0C90055275F /* main.m */,
			);
			name = "Supporting Files";
			sourceTree = "<group>";
		};
		87AFB1171F06A0C90055275F /* tCustomTableViewTests */ = {
			isa = PBXGroup;
			children = (
				87AFB1181F06A0C90055275F /* tCustomTableViewTests.m */,
				87AFB11A1F06A0C90055275F /* Info.plist */,
			);
			path = tCustomTableViewTests;
			sourceTree = "<group>";
		};
		87AFB1221F06A0C90055275F /* tCustomTableViewUITests */ = {
			isa = PBXGroup;
			children = (
				87AFB1231F06A0C90055275F /* tCustomTableViewUITests.m */,
				87AFB1251F06A0C90055275F /* Info.plist */,
			);
			path = tCustomTableViewUITests;
			sourceTree = "<group>";
		};
/* End PBXGroup section */

/* Begin PBXNativeTarget section */
		87AFB0FA1F06A0C80055275F /* tCustomTableView */ = {
			isa = PBXNativeTarget;
			buildConfigurationList = 87AFB1281F06A0C90055275F /* Build configuration list for PBXNativeTarget "tCustomTableView" */;
			buildPhases = (
				51623202279C8E5DD0BD2E13 /* [CP] Check Pods Manifest.lock */,
				87AFB0F71F06A0C80055275F /* Sources */,
				87AFB0F81F06A0C80055275F /* Frameworks */,
				87AFB0F91F06A0C80055275F /* Resources */,
				510CCFBB2C49E89F679547D2 /* [CP] Embed Pods Frameworks */,
				390C5DD61B73D9D66250BA25 /* [CP] Copy Pods Resources */,
			);
			buildRules = (
			);
			dependencies = (
			);
			name = tCustomTableView;
			productName = tCustomTableView;
			productReference = 87AFB0FB1F06A0C90055275F /* tCustomTableView.app */;
			productType = "com.apple.product-type.application";
		};
		87AFB1131F06A0C90055275F /* tCustomTableViewTests */ = {
			isa = PBXNativeTarget;
			buildConfigurationList = 87AFB12B1F06A0C90055275F /* Build configuration list for PBXNativeTarget "tCustomTableViewTests" */;
			buildPhases = (
				87AFB1101F06A0C90055275F /* Sources */,
				87AFB1111F06A0C90055275F /* Frameworks */,
				87AFB1121F06A0C90055275F /* Resources */,
			);
			buildRules = (
			);
			dependencies = (
				87AFB1161F06A0C90055275F /* PBXTargetDependency */,
			);
			name = tCustomTableViewTests;
			productName = tCustomTableViewTests;
			productReference = 87AFB1141F06A0C90055275F /* tCustomTableViewTests.xctest */;
			productType = "com.apple.product-type.bundle.unit-test";
		};
		87AFB11E1F06A0C90055275F /* tCustomTableViewUITests */ = {
			isa = PBXNativeTarget;
			buildConfigurationList = 87AFB12E1F06A0C90055275F /* Build configuration list for PBXNativeTarget "tCustomTableViewUITests" */;
			buildPhases = (
				87AFB11B1F06A0C90055275F /* Sources */,
				87AFB11C1F06A0C90055275F /* Frameworks */,
				87AFB11D1F06A0C90055275F /* Resources */,
			);
			buildRules = (
			);
			dependencies = (
				87AFB1211F06A0C90055275F /* PBXTargetDependency */,
			);
			name = tCustomTableViewUITests;
			productName = tCustomTableViewUITests;
			productReference = 87AFB11F1F06A0C90055275F /* tCustomTableViewUITests.xctest */;
			productType = "com.apple.product-type.bundle.ui-testing";
		};
/* End PBXNativeTarget section */

/* Begin PBXProject section */
		87AFB0F31F06A0C80055275F /* Project object */ = {
			isa = PBXProject;
			attributes = {
				LastUpgradeCheck = 0800;
				ORGANIZATIONNAME = "Caio Sanchez Christino";
				TargetAttributes = {
					87AFB0FA1F06A0C80055275F = {
						CreatedOnToolsVersion = 8.0;
						ProvisioningStyle = Automatic;
					};
					87AFB1131F06A0C90055275F = {
						CreatedOnToolsVersion = 8.0;
						ProvisioningStyle = Automatic;
						TestTargetID = 87AFB0FA1F06A0C80055275F;
					};
					87AFB11E1F06A0C90055275F = {
						CreatedOnToolsVersion = 8.0;
						ProvisioningStyle = Automatic;
						TestTargetID = 87AFB0FA1F06A0C80055275F;
					};
				};
			};
			buildConfigurationList = 87AFB0F61F06A0C80055275F /* Build configuration list for PBXProject "tCustomTableView" */;
			compatibilityVersion = "Xcode 3.2";
			developmentRegion = English;
			hasScannedForEncodings = 0;
			knownRegions = (
				en,
				Base,
			);
			mainGroup = 87AFB0F21F06A0C80055275F;
			productRefGroup = 87AFB0FC1F06A0C90055275F /* Products */;
			projectDirPath = "";
			projectRoot = "";
			targets = (
				87AFB0FA1F06A0C80055275F /* tCustomTableView */,
				87AFB1131F06A0C90055275F /* tCustomTableViewTests */,
				87AFB11E1F06A0C90055275F /* tCustomTableViewUITests */,
			);
		};
/* End PBXProject section */

/* Begin PBXResourcesBuildPhase section */
		87AFB0F91F06A0C80055275F /* Resources */ = {
			isa = PBXResourcesBuildPhase;
			buildActionMask = 2147483647;
			files = (
				87AFB10E1F06A0C90055275F /* LaunchScreen.storyboard in Resources */,
				87AFB10B1F06A0C90055275F /* Assets.xcassets in Resources */,
				87AFB1091F06A0C90055275F /* Main.storyboard in Resources */,
			);
			runOnlyForDeploymentPostprocessing = 0;
		};
		87AFB1121F06A0C90055275F /* Resources */ = {
			isa = PBXResourcesBuildPhase;
			buildActionMask = 2147483647;
			files = (
			);
			runOnlyForDeploymentPostprocessing = 0;
		};
		87AFB11D1F06A0C90055275F /* Resources */ = {
			isa = PBXResourcesBuildPhase;
			buildActionMask = 2147483647;
			files = (
			);
			runOnlyForDeploymentPostprocessing = 0;
		};
/* End PBXResourcesBuildPhase section */

/* Begin PBXShellScriptBuildPhase section */
		390C5DD61B73D9D66250BA25 /* [CP] Copy Pods Resources */ = {
			isa = PBXShellScriptBuildPhase;
			buildActionMask = 2147483647;
			files = (
			);
			inputPaths = (
			);
			name = "[CP] Copy Pods Resources";
			outputPaths = (
			);
			runOnlyForDeploymentPostprocessing = 0;
			shellPath = /bin/sh;
			shellScript = "\"${SRCROOT}/Pods/Target Support Files/Pods-tCustomTableView/Pods-tCustomTableView-resources.sh\"\n";
			showEnvVarsInLog = 0;
		};
		510CCFBB2C49E89F679547D2 /* [CP] Embed Pods Frameworks */ = {
			isa = PBXShellScriptBuildPhase;
			buildActionMask = 2147483647;
			files = (
			);
			inputPaths = (
			);
			name = "[CP] Embed Pods Frameworks";
			outputPaths = (
			);
			runOnlyForDeploymentPostprocessing = 0;
			shellPath = /bin/sh;
			shellScript = "\"${SRCROOT}/Pods/Target Support Files/Pods-tCustomTableView/Pods-tCustomTableView-frameworks.sh\"\n";
			showEnvVarsInLog = 0;
		};
		51623202279C8E5DD0BD2E13 /* [CP] Check Pods Manifest.lock */ = {
			isa = PBXShellScriptBuildPhase;
			buildActionMask = 2147483647;
			files = (
			);
			inputPaths = (
			);
			name = "[CP] Check Pods Manifest.lock";
			outputPaths = (
			);
			runOnlyForDeploymentPostprocessing = 0;
			shellPath = /bin/sh;
			shellScript = "diff \"${PODS_PODFILE_DIR_PATH}/Podfile.lock\" \"${PODS_ROOT}/Manifest.lock\" > /dev/null\nif [ $? != 0 ] ; then\n    # print error to STDERR\n    echo \"error: The sandbox is not in sync with the Podfile.lock. Run 'pod install' or update your CocoaPods installation.\" >&2\n    exit 1\nfi\n";
			showEnvVarsInLog = 0;
		};
/* End PBXShellScriptBuildPhase section */

/* Begin PBXSourcesBuildPhase section */
		87AFB0F71F06A0C80055275F /* Sources */ = {
			isa = PBXSourcesBuildPhase;
			buildActionMask = 2147483647;
			files = (
				8782D2D81F06B872003ADE70 /* Post.m in Sources */,
				87AFB1031F06A0C90055275F /* AppDelegate.m in Sources */,
				87AFB1331F06A3510055275F /* TableViewController.m in Sources */,
				8782D2D51F06B7B3003ADE70 /* CustomTableViewCell.m in Sources */,
				87AFB1001F06A0C90055275F /* main.m in Sources */,
				8782D31D1F06BEFF003ADE70 /* DetailViewController.m in Sources */,
			);
			runOnlyForDeploymentPostprocessing = 0;
		};
		87AFB1101F06A0C90055275F /* Sources */ = {
			isa = PBXSourcesBuildPhase;
			buildActionMask = 2147483647;
			files = (
				87AFB1191F06A0C90055275F /* tCustomTableViewTests.m in Sources */,
			);
			runOnlyForDeploymentPostprocessing = 0;
		};
		87AFB11B1F06A0C90055275F /* Sources */ = {
			isa = PBXSourcesBuildPhase;
			buildActionMask = 2147483647;
			files = (
				87AFB1241F06A0C90055275F /* tCustomTableViewUITests.m in Sources */,
			);
			runOnlyForDeploymentPostprocessing = 0;
		};
/* End PBXSourcesBuildPhase section */

/* Begin PBXTargetDependency section */
		87AFB1161F06A0C90055275F /* PBXTargetDependency */ = {
			isa = PBXTargetDependency;
			target = 87AFB0FA1F06A0C80055275F /* tCustomTableView */;
			targetProxy = 87AFB1151F06A0C90055275F /* PBXContainerItemProxy */;
		};
		87AFB1211F06A0C90055275F /* PBXTargetDependency */ = {
			isa = PBXTargetDependency;
			target = 87AFB0FA1F06A0C80055275F /* tCustomTableView */;
			targetProxy = 87AFB1201F06A0C90055275F /* PBXContainerItemProxy */;
		};
/* End PBXTargetDependency section */

/* Begin PBXVariantGroup section */
		87AFB1071F06A0C90055275F /* Main.storyboard */ = {
			isa = PBXVariantGroup;
			children = (
				87AFB1081F06A0C90055275F /* Base */,
			);
			name = Main.storyboard;
			sourceTree = "<group>";
		};
		87AFB10C1F06A0C90055275F /* LaunchScreen.storyboard */ = {
			isa = PBXVariantGroup;
			children = (
				87AFB10D1F06A0C90055275F /* Base */,
			);
			name = LaunchScreen.storyboard;
			sourceTree = "<group>";
		};
/* End PBXVariantGroup section */

/* Begin XCBuildConfiguration section */
		87AFB1261F06A0C90055275F /* Debug */ = {
			isa = XCBuildConfiguration;
			buildSettings = {
				ALWAYS_SEARCH_USER_PATHS = NO;
				CLANG_ANALYZER_NONNULL = YES;
				CLANG_CXX_LANGUAGE_STANDARD = "gnu++0x";
				CLANG_CXX_LIBRARY = "libc++";
				CLANG_ENABLE_MODULES = YES;
				CLANG_ENABLE_OBJC_ARC = YES;
				CLANG_WARN_BOOL_CONVERSION = YES;
				CLANG_WARN_CONSTANT_CONVERSION = YES;
				CLANG_WARN_DIRECT_OBJC_ISA_USAGE = YES_ERROR;
				CLANG_WARN_DOCUMENTATION_COMMENTS = YES;
				CLANG_WARN_EMPTY_BODY = YES;
				CLANG_WARN_ENUM_CONVERSION = YES;
				CLANG_WARN_INFINITE_RECURSION = YES;
				CLANG_WARN_INT_CONVERSION = YES;
				CLANG_WARN_OBJC_ROOT_CLASS = YES_ERROR;
				CLANG_WARN_SUSPICIOUS_MOVE = YES;
				CLANG_WARN_SUSPICIOUS_MOVES = YES;
				CLANG_WARN_UNREACHABLE_CODE = YES;
				CLANG_WARN__DUPLICATE_METHOD_MATCH = YES;
				"CODE_SIGN_IDENTITY[sdk=iphoneos*]" = "iPhone Developer";
				COPY_PHASE_STRIP = NO;
				DEBUG_INFORMATION_FORMAT = dwarf;
				ENABLE_STRICT_OBJC_MSGSEND = YES;
				ENABLE_TESTABILITY = YES;
				GCC_C_LANGUAGE_STANDARD = gnu99;
				GCC_DYNAMIC_NO_PIC = NO;
				GCC_NO_COMMON_BLOCKS = YES;
				GCC_OPTIMIZATION_LEVEL = 0;
				GCC_PREPROCESSOR_DEFINITIONS = (
					"DEBUG=1",
					"$(inherited)",
				);
				GCC_WARN_64_TO_32_BIT_CONVERSION = YES;
				GCC_WARN_ABOUT_RETURN_TYPE = YES_ERROR;
				GCC_WARN_UNDECLARED_SELECTOR = YES;
				GCC_WARN_UNINITIALIZED_AUTOS = YES_AGGRESSIVE;
				GCC_WARN_UNUSED_FUNCTION = YES;
				GCC_WARN_UNUSED_VARIABLE = YES;
				IPHONEOS_DEPLOYMENT_TARGET = 10.0;
				MTL_ENABLE_DEBUG_INFO = YES;
				ONLY_ACTIVE_ARCH = YES;
				SDKROOT = iphoneos;
				TARGETED_DEVICE_FAMILY = "1,2";
			};
			name = Debug;
		};
		87AFB1271F06A0C90055275F /* Release */ = {
			isa = XCBuildConfiguration;
			buildSettings = {
				ALWAYS_SEARCH_USER_PATHS = NO;
				CLANG_ANALYZER_NONNULL = YES;
				CLANG_CXX_LANGUAGE_STANDARD = "gnu++0x";
				CLANG_CXX_LIBRARY = "libc++";
				CLANG_ENABLE_MODULES = YES;
				CLANG_ENABLE_OBJC_ARC = YES;
				CLANG_WARN_BOOL_CONVERSION = YES;
				CLANG_WARN_CONSTANT_CONVERSION = YES;
				CLANG_WARN_DIRECT_OBJC_ISA_USAGE = YES_ERROR;
				CLANG_WARN_DOCUMENTATION_COMMENTS = YES;
				CLANG_WARN_EMPTY_BODY = YES;
				CLANG_WARN_ENUM_CONVERSION = YES;
				CLANG_WARN_INFINITE_RECURSION = YES;
				CLANG_WARN_INT_CONVERSION = YES;
				CLANG_WARN_OBJC_ROOT_CLASS = YES_ERROR;
				CLANG_WARN_SUSPICIOUS_MOVE = YES;
				CLANG_WARN_SUSPICIOUS_MOVES = YES;
				CLANG_WARN_UNREACHABLE_CODE = YES;
				CLANG_WARN__DUPLICATE_METHOD_MATCH = YES;
				"CODE_SIGN_IDENTITY[sdk=iphoneos*]" = "iPhone Developer";
				COPY_PHASE_STRIP = NO;
				DEBUG_INFORMATION_FORMAT = "dwarf-with-dsym";
				ENABLE_NS_ASSERTIONS = NO;
				ENABLE_STRICT_OBJC_MSGSEND = YES;
				GCC_C_LANGUAGE_STANDARD = gnu99;
				GCC_NO_COMMON_BLOCKS = YES;
				GCC_WARN_64_TO_32_BIT_CONVERSION = YES;
				GCC_WARN_ABOUT_RETURN_TYPE = YES_ERROR;
				GCC_WARN_UNDECLARED_SELECTOR = YES;
				GCC_WARN_UNINITIALIZED_AUTOS = YES_AGGRESSIVE;
				GCC_WARN_UNUSED_FUNCTION = YES;
				GCC_WARN_UNUSED_VARIABLE = YES;
				IPHONEOS_DEPLOYMENT_TARGET = 10.0;
				MTL_ENABLE_DEBUG_INFO = NO;
				SDKROOT = iphoneos;
				TARGETED_DEVICE_FAMILY = "1,2";
				VALIDATE_PRODUCT = YES;
			};
			name = Release;
		};
		87AFB1291F06A0C90055275F /* Debug */ = {
			isa = XCBuildConfiguration;
			baseConfigurationReference = 27CB4F73C2D2A603A3DA190D /* Pods-tCustomTableView.debug.xcconfig */;
			buildSettings = {
				ASSETCATALOG_COMPILER_APPICON_NAME = AppIcon;
				INFOPLIST_FILE = tCustomTableView/Info.plist;
				LD_RUNPATH_SEARCH_PATHS = "$(inherited) @executable_path/Frameworks";
				PRODUCT_BUNDLE_IDENTIFIER = teste.tCustomTableView;
				PRODUCT_NAME = "$(TARGET_NAME)";
			};
			name = Debug;
		};
		87AFB12A1F06A0C90055275F /* Release */ = {
			isa = XCBuildConfiguration;
			baseConfigurationReference = 715EEC898FCAD92F9D672D44 /* Pods-tCustomTableView.release.xcconfig */;
			buildSettings = {
				ASSETCATALOG_COMPILER_APPICON_NAME = AppIcon;
				INFOPLIST_FILE = tCustomTableView/Info.plist;
				LD_RUNPATH_SEARCH_PATHS = "$(inherited) @executable_path/Frameworks";
				PRODUCT_BUNDLE_IDENTIFIER = teste.tCustomTableView;
				PRODUCT_NAME = "$(TARGET_NAME)";
			};
			name = Release;
		};
		87AFB12C1F06A0C90055275F /* Debug */ = {
			isa = XCBuildConfiguration;
			buildSettings = {
				BUNDLE_LOADER = "$(TEST_HOST)";
				INFOPLIST_FILE = tCustomTableViewTests/Info.plist;
				LD_RUNPATH_SEARCH_PATHS = "$(inherited) @executable_path/Frameworks @loader_path/Frameworks";
				PRODUCT_BUNDLE_IDENTIFIER = teste.tCustomTableViewTests;
				PRODUCT_NAME = "$(TARGET_NAME)";
				TEST_HOST = "$(BUILT_PRODUCTS_DIR)/tCustomTableView.app/tCustomTableView";
			};
			name = Debug;
		};
		87AFB12D1F06A0C90055275F /* Release */ = {
			isa = XCBuildConfiguration;
			buildSettings = {
				BUNDLE_LOADER = "$(TEST_HOST)";
				INFOPLIST_FILE = tCustomTableViewTests/Info.plist;
				LD_RUNPATH_SEARCH_PATHS = "$(inherited) @executable_path/Frameworks @loader_path/Frameworks";
				PRODUCT_BUNDLE_IDENTIFIER = teste.tCustomTableViewTests;
				PRODUCT_NAME = "$(TARGET_NAME)";
				TEST_HOST = "$(BUILT_PRODUCTS_DIR)/tCustomTableView.app/tCustomTableView";
			};
			name = Release;
		};
		87AFB12F1F06A0C90055275F /* Debug */ = {
			isa = XCBuildConfiguration;
			buildSettings = {
				INFOPLIST_FILE = tCustomTableViewUITests/Info.plist;
				LD_RUNPATH_SEARCH_PATHS = "$(inherited) @executable_path/Frameworks @loader_path/Frameworks";
				PRODUCT_BUNDLE_IDENTIFIER = teste.tCustomTableViewUITests;
				PRODUCT_NAME = "$(TARGET_NAME)";
				TEST_TARGET_NAME = tCustomTableView;
			};
			name = Debug;
		};
		87AFB1301F06A0C90055275F /* Release */ = {
			isa = XCBuildConfiguration;
			buildSettings = {
				INFOPLIST_FILE = tCustomTableViewUITests/Info.plist;
				LD_RUNPATH_SEARCH_PATHS = "$(inherited) @executable_path/Frameworks @loader_path/Frameworks";
				PRODUCT_BUNDLE_IDENTIFIER = teste.tCustomTableViewUITests;
				PRODUCT_NAME = "$(TARGET_NAME)";
				TEST_TARGET_NAME = tCustomTableView;
			};
			name = Release;
		};
/* End XCBuildConfiguration section */

/* Begin XCConfigurationList section */
		87AFB0F61F06A0C80055275F /* Build configuration list for PBXProject "tCustomTableView" */ = {
			isa = XCConfigurationList;
			buildConfigurations = (
				87AFB1261F06A0C90055275F /* Debug */,
				87AFB1271F06A0C90055275F /* Release */,
			);
			defaultConfigurationIsVisible = 0;
			defaultConfigurationName = Release;
		};
		87AFB1281F06A0C90055275F /* Build configuration list for PBXNativeTarget "tCustomTableView" */ = {
			isa = XCConfigurationList;
			buildConfigurations = (
				87AFB1291F06A0C90055275F /* Debug */,
				87AFB12A1F06A0C90055275F /* Release */,
			);
			defaultConfigurationIsVisible = 0;
			defaultConfigurationName = Release;
		};
		87AFB12B1F06A0C90055275F /* Build configuration list for PBXNativeTarget "tCustomTableViewTests" */ = {
			isa = XCConfigurationList;
			buildConfigurations = (
				87AFB12C1F06A0C90055275F /* Debug */,
				87AFB12D1F06A0C90055275F /* Release */,
			);
			defaultConfigurationIsVisible = 0;
			defaultConfigurationName = Release;
		};
		87AFB12E1F06A0C90055275F /* Build configuration list for PBXNativeTarget "tCustomTableViewUITests" */ = {
			isa = XCConfigurationList;
			buildConfigurations = (
				87AFB12F1F06A0C90055275F /* Debug */,
				87AFB1301F06A0C90055275F /* Release */,
			);
			defaultConfigurationIsVisible = 0;
			defaultConfigurationName = Release;
		};
/* End XCConfigurationList section */
	};
	rootObject = 87AFB0F31F06A0C80055275F /* Project object */;
}
